
Microsoft Visual Studio Solution File, Format Version 12.00
# Visual Studio Version 16
VisualStudioVersion = 16.0.32413.511
MinimumVisualStudioVersion = 10.0.40219.1
Project("{FAE04EC0-301F-11D3-BF4B-00C04F79EFBC}") = "Stack", "StackAndQueue\Stack.csproj", "{966F2368-4AB6-442D-BA61-548CD5A5C0F4}"
EndProject
Project("{FAE04EC0-301F-11D3-BF4B-00C04F79EFBC}") = "Queue", "Queue\Queue.csproj", "{A69C8379-2DBB-45F5-84F8-9E35D1C48017}"
EndProject
Global
	GlobalSection(SolutionConfigurationPlatforms) = preSolution
		Debug|Any CPU = Debug|Any CPU
		Release|Any CPU = Release|Any CPU
	EndGlobalSection
	GlobalSection(ProjectConfigurationPlatforms) = postSolution
		{966F2368-4AB6-442D-BA61-548CD5A5C0F4}.Debug|Any CPU.ActiveCfg = Debug|Any CPU
		{966F2368-4AB6-442D-BA61-548CD5A5C0F4}.Debug|Any CPU.Build.0 = Debug|Any CPU
		{966F2368-4AB6-442D-BA61-548CD5A5C0F4}.Release|Any CPU.ActiveCfg = Release|Any CPU
		{966F2368-4AB6-442D-BA61-548CD5A5C0F4}.Release|Any CPU.Build.0 = Release|Any CPU
		{A69C8379-2DBB-45F5-84F8-9E35D1C48017}.Debug|Any CPU.ActiveCfg = Debug|Any CPU
		{A69C8379-2DBB-45F5-84F8-9E35D1C48017}.Debug|Any CPU.Build.0 = Debug|Any CPU
		{A69C8379-2DBB-45F5-84F8-9E35D1C48017}.Release|Any CPU.ActiveCfg = Release|Any CPU
		{A69C8379-2DBB-45F5-84F8-9E35D1C48017}.Release|Any CPU.Build.0 = Release|Any CPU
	EndGlobalSection
	GlobalSection(SolutionProperties) = preSolution
		HideSolutionNode = FALSE
	EndGlobalSection
	GlobalSection(ExtensibilityGlobals) = postSolution
		SolutionGuid = {5A16EE5A-143A-4C57-970C-D4C554A952BD}
	EndGlobalSection
EndGlobal
